
Microsoft Visual Studio Solution File, Format Version 12.00
# Visual Studio Version 16
VisualStudioVersion = 16.0.31729.503
MinimumVisualStudioVersion = 10.0.40219.1
Project("{FAE04EC0-301F-11D3-BF4B-00C04F79EFBC}") = "Converter", "Converter\Converter.csproj", "{11A4EF34-65EF-49E3-A4FD-26DD9A8D6CF0}"
EndProject
Global
	GlobalSection(SolutionConfigurationPlatforms) = preSolution
		Debug|Any CPU = Debug|Any CPU
		Release|Any CPU = Release|Any CPU
	EndGlobalSection
	GlobalSection(ProjectConfigurationPlatforms) = postSolution
		{11A4EF34-65EF-49E3-A4FD-26DD9A8D6CF0}.Debug|Any CPU.ActiveCfg = Debug|Any CPU
		{11A4EF34-65EF-49E3-A4FD-26DD9A8D6CF0}.Debug|Any CPU.Build.0 = Debug|Any CPU
		{11A4EF34-65EF-49E3-A4FD-26DD9A8D6CF0}.Release|Any CPU.ActiveCfg = Release|Any CPU
		{11A4EF34-65EF-49E3-A4FD-26DD9A8D6CF0}.Release|Any CPU.Build.0 = Release|Any CPU
	EndGlobalSection
	GlobalSection(SolutionProperties) = preSolution
		HideSolutionNode = FALSE
	EndGlobalSection
	GlobalSection(ExtensibilityGlobals) = postSolution
		SolutionGuid = {FE5A0898-C918-442A-80BF-8A7066089A86}
	EndGlobalSection
EndGlobal
